
Microsoft Visual Studio Solution File, Format Version 12.00
# Visual Studio 14
VisualStudioVersion = 14.0.25420.1
MinimumVisualStudioVersion = 10.0.40219.1
Project("{8BC9CEB8-8B4A-11D0-8D11-00A0C91BC942}") = "0.0 OpenCV By Example", "OpenCV By Example\OpenCV By Example.vcxproj", "{55DFD223-5A02-4C8A-BA52-B9A99AEE145D}"
EndProject
Project("{8BC9CEB8-8B4A-11D0-8D11-00A0C91BC942}") = "2.6", "2.6\2.6.vcxproj", "{33D99959-A6C0-4AE6-B303-B737E4513432}"
EndProject
Project("{8BC9CEB8-8B4A-11D0-8D11-00A0C91BC942}") = "2.7", "2.7\2.7.vcxproj", "{6216325C-DA86-4902-9151-BD1953459D73}"
EndProject
Project("{8BC9CEB8-8B4A-11D0-8D11-00A0C91BC942}") = "2.10", "2.10\2.10.vcxproj", "{89882500-3857-49E0-8D35-753B1743D303}"
EndProject
Project("{8BC9CEB8-8B4A-11D0-8D11-00A0C91BC942}") = "3.2", "3.2\3.2.vcxproj", "{6E247556-CDAB-4D2A-8269-E172E0AB83EF}"
EndProject
Project("{8BC9CEB8-8B4A-11D0-8D11-00A0C91BC942}") = "3.4", "3.4\3.4.vcxproj", "{D7E975A0-24D4-4A68-BF86-4DFE2A34A5F0}"
EndProject
Project("{8BC9CEB8-8B4A-11D0-8D11-00A0C91BC942}") = "3.6", "3.6\3.6.vcxproj", "{07E93C9D-F083-43E7-AFC4-2BCF3AEBF511}"
EndProject
Project("{8BC9CEB8-8B4A-11D0-8D11-00A0C91BC942}") = "4.3", "4.3\4.3.vcxproj", "{9196E3BD-0B7A-4AEE-BD88-56BA6645C599}"
EndProject
Project("{8BC9CEB8-8B4A-11D0-8D11-00A0C91BC942}") = "4.4", "4.4\4.4.vcxproj", "{98947EC3-D9DE-4443-A6A0-D8C948473CD6}"
EndProject
Project("{8BC9CEB8-8B4A-11D0-8D11-00A0C91BC942}") = "4.5", "4.5\4.5.vcxproj", "{FB5EEA93-6C12-49C8-960D-531DCD2A756A}"
EndProject
Project("{8BC9CEB8-8B4A-11D0-8D11-00A0C91BC942}") = "4.6", "4.6\4.6.vcxproj", "{E8EE69E6-28B6-4BCA-B0F8-05859C540C76}"
EndProject
Project("{8BC9CEB8-8B4A-11D0-8D11-00A0C91BC942}") = "5.2", "5.2\5.2.vcxproj", "{B8D674F4-346A-418B-8237-A4BE258FFE0B}"
EndProject
Project("{8BC9CEB8-8B4A-11D0-8D11-00A0C91BC942}") = "5.3", "5.3\5.3.vcxproj", "{BCC94E82-49D7-488A-8DF5-4BB8AF38C1B9}"
EndProject
Project("{8BC9CEB8-8B4A-11D0-8D11-00A0C91BC942}") = "5.4", "5.4\5.4.vcxproj", "{4B8BB73E-FD50-4A51-82B1-EC0491F482EB}"
EndProject
Global
	GlobalSection(SolutionConfigurationPlatforms) = preSolution
		Debug|x64 = Debug|x64
		Debug|x86 = Debug|x86
		Release|x64 = Release|x64
		Release|x86 = Release|x86
	EndGlobalSection
	GlobalSection(ProjectConfigurationPlatforms) = postSolution
		{55DFD223-5A02-4C8A-BA52-B9A99AEE145D}.Debug|x64.ActiveCfg = Debug|x64
		{55DFD223-5A02-4C8A-BA52-B9A99AEE145D}.Debug|x64.Build.0 = Debug|x64
		{55DFD223-5A02-4C8A-BA52-B9A99AEE145D}.Debug|x86.ActiveCfg = Debug|Win32
		{55DFD223-5A02-4C8A-BA52-B9A99AEE145D}.Debug|x86.Build.0 = Debug|Win32
		{55DFD223-5A02-4C8A-BA52-B9A99AEE145D}.Release|x64.ActiveCfg = Release|x64
		{55DFD223-5A02-4C8A-BA52-B9A99AEE145D}.Release|x64.Build.0 = Release|x64
		{55DFD223-5A02-4C8A-BA52-B9A99AEE145D}.Release|x86.ActiveCfg = Release|Win32
		{55DFD223-5A02-4C8A-BA52-B9A99AEE145D}.Release|x86.Build.0 = Release|Win32
		{33D99959-A6C0-4AE6-B303-B737E4513432}.Debug|x64.ActiveCfg = Debug|x64
		{33D99959-A6C0-4AE6-B303-B737E4513432}.Debug|x64.Build.0 = Debug|x64
		{33D99959-A6C0-4AE6-B303-B737E4513432}.Debug|x86.ActiveCfg = Debug|Win32
		{33D99959-A6C0-4AE6-B303-B737E4513432}.Debug|x86.Build.0 = Debug|Win32
		{33D99959-A6C0-4AE6-B303-B737E4513432}.Release|x64.ActiveCfg = Release|x64
		{33D99959-A6C0-4AE6-B303-B737E4513432}.Release|x64.Build.0 = Release|x64
		{33D99959-A6C0-4AE6-B303-B737E4513432}.Release|x86.ActiveCfg = Release|Win32
		{33D99959-A6C0-4AE6-B303-B737E4513432}.Release|x86.Build.0 = Release|Win32
		{6216325C-DA86-4902-9151-BD1953459D73}.Debug|x64.ActiveCfg = Debug|x64
		{6216325C-DA86-4902-9151-BD1953459D73}.Debug|x64.Build.0 = Debug|x64
		{6216325C-DA86-4902-9151-BD1953459D73}.Debug|x86.ActiveCfg = Debug|Win32
		{6216325C-DA86-4902-9151-BD1953459D73}.Debug|x86.Build.0 = Debug|Win32
		{6216325C-DA86-4902-9151-BD1953459D73}.Release|x64.ActiveCfg = Release|x64
		{6216325C-DA86-4902-9151-BD1953459D73}.Release|x64.Build.0 = Release|x64
		{6216325C-DA86-4902-9151-BD1953459D73}.Release|x86.ActiveCfg = Release|Win32
		{6216325C-DA86-4902-9151-BD1953459D73}.Release|x86.Build.0 = Release|Win32
		{89882500-3857-49E0-8D35-753B1743D303}.Debug|x64.ActiveCfg = Debug|x64
		{89882500-3857-49E0-8D35-753B1743D303}.Debug|x64.Build.0 = Debug|x64
		{89882500-3857-49E0-8D35-753B1743D303}.Debug|x86.ActiveCfg = Debug|Win32
		{89882500-3857-49E0-8D35-753B1743D303}.Debug|x86.Build.0 = Debug|Win32
		{89882500-3857-49E0-8D35-753B1743D303}.Release|x64.ActiveCfg = Release|x64
		{89882500-3857-49E0-8D35-753B1743D303}.Release|x64.Build.0 = Release|x64
		{89882500-3857-49E0-8D35-753B1743D303}.Release|x86.ActiveCfg = Release|Win32
		{89882500-3857-49E0-8D35-753B1743D303}.Release|x86.Build.0 = Release|Win32
		{6E247556-CDAB-4D2A-8269-E172E0AB83EF}.Debug|x64.ActiveCfg = Debug|x64
		{6E247556-CDAB-4D2A-8269-E172E0AB83EF}.Debug|x64.Build.0 = Debug|x64
		{6E247556-CDAB-4D2A-8269-E172E0AB83EF}.Debug|x86.ActiveCfg = Debug|Win32
		{6E247556-CDAB-4D2A-8269-E172E0AB83EF}.Debug|x86.Build.0 = Debug|Win32
		{6E247556-CDAB-4D2A-8269-E172E0AB83EF}.Release|x64.ActiveCfg = Release|x64
		{6E247556-CDAB-4D2A-8269-E172E0AB83EF}.Release|x64.Build.0 = Release|x64
		{6E247556-CDAB-4D2A-8269-E172E0AB83EF}.Release|x86.ActiveCfg = Release|Win32
		{6E247556-CDAB-4D2A-8269-E172E0AB83EF}.Release|x86.Build.0 = Release|Win32
		{D7E975A0-24D4-4A68-BF86-4DFE2A34A5F0}.Debug|x64.ActiveCfg = Debug|x64
		{D7E975A0-24D4-4A68-BF86-4DFE2A34A5F0}.Debug|x64.Build.0 = Debug|x64
		{D7E975A0-24D4-4A68-BF86-4DFE2A34A5F0}.Debug|x86.ActiveCfg = Debug|Win32
		{D7E975A0-24D4-4A68-BF86-4DFE2A34A5F0}.Debug|x86.Build.0 = Debug|Win32
		{D7E975A0-24D4-4A68-BF86-4DFE2A34A5F0}.Release|x64.ActiveCfg = Release|x64
		{D7E975A0-24D4-4A68-BF86-4DFE2A34A5F0}.Release|x64.Build.0 = Release|x64
		{D7E975A0-24D4-4A68-BF86-4DFE2A34A5F0}.Release|x86.ActiveCfg = Release|Win32
		{D7E975A0-24D4-4A68-BF86-4DFE2A34A5F0}.Release|x86.Build.0 = Release|Win32
		{07E93C9D-F083-43E7-AFC4-2BCF3AEBF511}.Debug|x64.ActiveCfg = Debug|x64
		{07E93C9D-F083-43E7-AFC4-2BCF3AEBF511}.Debug|x64.Build.0 = Debug|x64
		{07E93C9D-F083-43E7-AFC4-2BCF3AEBF511}.Debug|x86.ActiveCfg = Debug|Win32
		{07E93C9D-F083-43E7-AFC4-2BCF3AEBF511}.Debug|x86.Build.0 = Debug|Win32
		{07E93C9D-F083-43E7-AFC4-2BCF3AEBF511}.Release|x64.ActiveCfg = Release|x64
		{07E93C9D-F083-43E7-AFC4-2BCF3AEBF511}.Release|x64.Build.0 = Release|x64
		{07E93C9D-F083-43E7-AFC4-2BCF3AEBF511}.Release|x86.ActiveCfg = Release|Win32
		{07E93C9D-F083-43E7-AFC4-2BCF3AEBF511}.Release|x86.Build.0 = Release|Win32
		{9196E3BD-0B7A-4AEE-BD88-56BA6645C599}.Debug|x64.ActiveCfg = Debug|x64
		{9196E3BD-0B7A-4AEE-BD88-56BA6645C599}.Debug|x64.Build.0 = Debug|x64
		{9196E3BD-0B7A-4AEE-BD88-56BA6645C599}.Debug|x86.ActiveCfg = Debug|Win32
		{9196E3BD-0B7A-4AEE-BD88-56BA6645C599}.Debug|x86.Build.0 = Debug|Win32
		{9196E3BD-0B7A-4AEE-BD88-56BA6645C599}.Release|x64.ActiveCfg = Release|x64
		{9196E3BD-0B7A-4AEE-BD88-56BA6645C599}.Release|x64.Build.0 = Release|x64
		{9196E3BD-0B7A-4AEE-BD88-56BA6645C599}.Release|x86.ActiveCfg = Release|Win32
		{9196E3BD-0B7A-4AEE-BD88-56BA6645C599}.Release|x86.Build.0 = Release|Win32
		{98947EC3-D9DE-4443-A6A0-D8C948473CD6}.Debug|x64.ActiveCfg = Debug|x64
		{98947EC3-D9DE-4443-A6A0-D8C948473CD6}.Debug|x64.Build.0 = Debug|x64
		{98947EC3-D9DE-4443-A6A0-D8C948473CD6}.Debug|x86.ActiveCfg = Debug|Win32
		{98947EC3-D9DE-4443-A6A0-D8C948473CD6}.Debug|x86.Build.0 = Debug|Win32
		{98947EC3-D9DE-4443-A6A0-D8C948473CD6}.Release|x64.ActiveCfg = Release|x64
		{98947EC3-D9DE-4443-A6A0-D8C948473CD6}.Release|x64.Build.0 = Release|x64
		{98947EC3-D9DE-4443-A6A0-D8C948473CD6}.Release|x86.ActiveCfg = Release|Win32
		{98947EC3-D9DE-4443-A6A0-D8C948473CD6}.Release|x86.Build.0 = Release|Win32
		{FB5EEA93-6C12-49C8-960D-531DCD2A756A}.Debug|x64.ActiveCfg = Debug|x64
		{FB5EEA93-6C12-49C8-960D-531DCD2A756A}.Debug|x64.Build.0 = Debug|x64
		{FB5EEA93-6C12-49C8-960D-531DCD2A756A}.Debug|x86.ActiveCfg = Debug|Win32
		{FB5EEA93-6C12-49C8-960D-531DCD2A756A}.Debug|x86.Build.0 = Debug|Win32
		{FB5EEA93-6C12-49C8-960D-531DCD2A756A}.Release|x64.ActiveCfg = Release|x64
		{FB5EEA93-6C12-49C8-960D-531DCD2A756A}.Release|x64.Build.0 = Release|x64
		{FB5EEA93-6C12-49C8-960D-531DCD2A756A}.Release|x86.ActiveCfg = Release|Win32
		{FB5EEA93-6C12-49C8-960D-531DCD2A756A}.Release|x86.Build.0 = Release|Win32
		{E8EE69E6-28B6-4BCA-B0F8-05859C540C76}.Debug|x64.ActiveCfg = Debug|x64
		{E8EE69E6-28B6-4BCA-B0F8-05859C540C76}.Debug|x64.Build.0 = Debug|x64
		{E8EE69E6-28B6-4BCA-B0F8-05859C540C76}.Debug|x86.ActiveCfg = Debug|Win32
		{E8EE69E6-28B6-4BCA-B0F8-05859C540C76}.Debug|x86.Build.0 = Debug|Win32
		{E8EE69E6-28B6-4BCA-B0F8-05859C540C76}.Release|x64.ActiveCfg = Release|x64
		{E8EE69E6-28B6-4BCA-B0F8-05859C540C76}.Release|x64.Build.0 = Release|x64
		{E8EE69E6-28B6-4BCA-B0F8-05859C540C76}.Release|x86.ActiveCfg = Release|Win32
		{E8EE69E6-28B6-4BCA-B0F8-05859C540C76}.Release|x86.Build.0 = Release|Win32
		{B8D674F4-346A-418B-8237-A4BE258FFE0B}.Debug|x64.ActiveCfg = Debug|x64
		{B8D674F4-346A-418B-8237-A4BE258FFE0B}.Debug|x64.Build.0 = Debug|x64
		{B8D674F4-346A-418B-8237-A4BE258FFE0B}.Debug|x86.ActiveCfg = Debug|Win32
		{B8D674F4-346A-418B-8237-A4BE258FFE0B}.Debug|x86.Build.0 = Debug|Win32
		{B8D674F4-346A-418B-8237-A4BE258FFE0B}.Release|x64.ActiveCfg = Release|x64
		{B8D674F4-346A-418B-8237-A4BE258FFE0B}.Release|x64.Build.0 = Release|x64
		{B8D674F4-346A-418B-8237-A4BE258FFE0B}.Release|x86.ActiveCfg = Release|Win32
		{B8D674F4-346A-418B-8237-A4BE258FFE0B}.Release|x86.Build.0 = Release|Win32
		{BCC94E82-49D7-488A-8DF5-4BB8AF38C1B9}.Debug|x64.ActiveCfg = Debug|x64
		{BCC94E82-49D7-488A-8DF5-4BB8AF38C1B9}.Debug|x64.Build.0 = Debug|x64
		{BCC94E82-49D7-488A-8DF5-4BB8AF38C1B9}.Debug|x86.ActiveCfg = Debug|Win32
		{BCC94E82-49D7-488A-8DF5-4BB8AF38C1B9}.Debug|x86.Build.0 = Debug|Win32
		{BCC94E82-49D7-488A-8DF5-4BB8AF38C1B9}.Release|x64.ActiveCfg = Release|x64
		{BCC94E82-49D7-488A-8DF5-4BB8AF38C1B9}.Release|x64.Build.0 = Release|x64
		{BCC94E82-49D7-488A-8DF5-4BB8AF38C1B9}.Release|x86.ActiveCfg = Release|Win32
		{BCC94E82-49D7-488A-8DF5-4BB8AF38C1B9}.Release|x86.Build.0 = Release|Win32
		{4B8BB73E-FD50-4A51-82B1-EC0491F482EB}.Debug|x64.ActiveCfg = Debug|x64
		{4B8BB73E-FD50-4A51-82B1-EC0491F482EB}.Debug|x64.Build.0 = Debug|x64
		{4B8BB73E-FD50-4A51-82B1-EC0491F482EB}.Debug|x86.ActiveCfg = Debug|Win32
		{4B8BB73E-FD50-4A51-82B1-EC0491F482EB}.Debug|x86.Build.0 = Debug|Win32
		{4B8BB73E-FD50-4A51-82B1-EC0491F482EB}.Release|x64.ActiveCfg = Release|x64
		{4B8BB73E-FD50-4A51-82B1-EC0491F482EB}.Release|x64.Build.0 = Release|x64
		{4B8BB73E-FD50-4A51-82B1-EC0491F482EB}.Release|x86.ActiveCfg = Release|Win32
		{4B8BB73E-FD50-4A51-82B1-EC0491F482EB}.Release|x86.Build.0 = Release|Win32
	EndGlobalSection
	GlobalSection(SolutionProperties) = preSolution
		HideSolutionNode = FALSE
	EndGlobalSection
EndGlobal
